// !$*UTF8*$!
{
	archiveVersion = 1;
	classes = {
	};
	objectVersion = 56;
	objects = {

/* Begin PBXBuildFile section */
		490F85A428E4655F00F87994 /* API Manager.swift in Sources */ = {isa = PBXBuildFile; fileRef = 490F85A328E4655F00F87994 /* API Manager.swift */; };
		490F85A728E47D1C00F87994 /* UserViewModel.swift in Sources */ = {isa = PBXBuildFile; fileRef = 490F85A628E47D1C00F87994 /* UserViewModel.swift */; };
		490F85A928E47EB000F87994 /* UserService.swift in Sources */ = {isa = PBXBuildFile; fileRef = 490F85A828E47EB000F87994 /* UserService.swift */; };
		495C48B528E44DAF00AC392A /* User.swift in Sources */ = {isa = PBXBuildFile; fileRef = 495C48B428E44DAF00AC392A /* User.swift */; };
		49E67E2928E35A4C00F93E1A /* AppDelegate.swift in Sources */ = {isa = PBXBuildFile; fileRef = 49E67E2828E35A4C00F93E1A /* AppDelegate.swift */; };
		49E67E2B28E35A4C00F93E1A /* SceneDelegate.swift in Sources */ = {isa = PBXBuildFile; fileRef = 49E67E2A28E35A4C00F93E1A /* SceneDelegate.swift */; };
		49E67E2D28E35A4C00F93E1A /* UserViewController.swift in Sources */ = {isa = PBXBuildFile; fileRef = 49E67E2C28E35A4C00F93E1A /* UserViewController.swift */; };
		49E67E3228E35A4D00F93E1A /* Assets.xcassets in Resources */ = {isa = PBXBuildFile; fileRef = 49E67E3128E35A4D00F93E1A /* Assets.xcassets */; };
		49E67E3528E35A4D00F93E1A /* LaunchScreen.storyboard in Resources */ = {isa = PBXBuildFile; fileRef = 49E67E3328E35A4D00F93E1A /* LaunchScreen.storyboard */; };
		49E67E4028E35A4D00F93E1A /* ProtocolOrientedUIKitTests.swift in Sources */ = {isa = PBXBuildFile; fileRef = 49E67E3F28E35A4D00F93E1A /* ProtocolOrientedUIKitTests.swift */; };
		49E67E4A28E35A4D00F93E1A /* ProtocolOrientedUIKitUITests.swift in Sources */ = {isa = PBXBuildFile; fileRef = 49E67E4928E35A4D00F93E1A /* ProtocolOrientedUIKitUITests.swift */; };
		49E67E4C28E35A4D00F93E1A /* ProtocolOrientedUIKitUITestsLaunchTests.swift in Sources */ = {isa = PBXBuildFile; fileRef = 49E67E4B28E35A4D00F93E1A /* ProtocolOrientedUIKitUITestsLaunchTests.swift */; };
		49FA4A0A28E4A78F00F47336 /* UserViewModelOutput.swift in Sources */ = {isa = PBXBuildFile; fileRef = 49FA4A0928E4A78F00F47336 /* UserViewModelOutput.swift */; };
/* End PBXBuildFile section */

/* Begin PBXContainerItemProxy section */
		49E67E3C28E35A4D00F93E1A /* PBXContainerItemProxy */ = {
			isa = PBXContainerItemProxy;
			containerPortal = 49E67E1D28E35A4C00F93E1A /* Project object */;
			proxyType = 1;
			remoteGlobalIDString = 49E67E2428E35A4C00F93E1A;
			remoteInfo = ProtocolOrientedUIKit;
		};
		49E67E4628E35A4D00F93E1A /* PBXContainerItemProxy */ = {
			isa = PBXContainerItemProxy;
			containerPortal = 49E67E1D28E35A4C00F93E1A /* Project object */;
			proxyType = 1;
			remoteGlobalIDString = 49E67E2428E35A4C00F93E1A;
			remoteInfo = ProtocolOrientedUIKit;
		};
/* End PBXContainerItemProxy section */

/* Begin PBXFileReference section */
		490F85A328E4655F00F87994 /* API Manager.swift */ = {isa = PBXFileReference; lastKnownFileType = sourcecode.swift; path = "API Manager.swift"; sourceTree = "<group>"; };
		490F85A628E47D1C00F87994 /* UserViewModel.swift */ = {isa = PBXFileReference; lastKnownFileType = sourcecode.swift; path = UserViewModel.swift; sourceTree = "<group>"; };
		490F85A828E47EB000F87994 /* UserService.swift */ = {isa = PBXFileReference; lastKnownFileType = sourcecode.swift; path = UserService.swift; sourceTree = "<group>"; };
		495C48B428E44DAF00AC392A /* User.swift */ = {isa = PBXFileReference; lastKnownFileType = sourcecode.swift; path = User.swift; sourceTree = "<group>"; };
		49E67E2528E35A4C00F93E1A /* ProtocolOrientedUIKit.app */ = {isa = PBXFileReference; explicitFileType = wrapper.application; includeInIndex = 0; path = ProtocolOrientedUIKit.app; sourceTree = BUILT_PRODUCTS_DIR; };
		49E67E2828E35A4C00F93E1A /* AppDelegate.swift */ = {isa = PBXFileReference; lastKnownFileType = sourcecode.swift; path = AppDelegate.swift; sourceTree = "<group>"; };
		49E67E2A28E35A4C00F93E1A /* SceneDelegate.swift */ = {isa = PBXFileReference; lastKnownFileType = sourcecode.swift; path = SceneDelegate.swift; sourceTree = "<group>"; };
		49E67E2C28E35A4C00F93E1A /* UserViewController.swift */ = {isa = PBXFileReference; lastKnownFileType = sourcecode.swift; path = UserViewController.swift; sourceTree = "<group>"; };
		49E67E3128E35A4D00F93E1A /* Assets.xcassets */ = {isa = PBXFileReference; lastKnownFileType = folder.assetcatalog; path = Assets.xcassets; sourceTree = "<group>"; };
		49E67E3428E35A4D00F93E1A /* Base */ = {isa = PBXFileReference; lastKnownFileType = file.storyboard; name = Base; path = Base.lproj/LaunchScreen.storyboard; sourceTree = "<group>"; };
		49E67E3628E35A4D00F93E1A /* Info.plist */ = {isa = PBXFileReference; lastKnownFileType = text.plist.xml; path = Info.plist; sourceTree = "<group>"; };
		49E67E3B28E35A4D00F93E1A /* ProtocolOrientedUIKitTests.xctest */ = {isa = PBXFileReference; explicitFileType = wrapper.cfbundle; includeInIndex = 0; path = ProtocolOrientedUIKitTests.xctest; sourceTree = BUILT_PRODUCTS_DIR; };
		49E67E3F28E35A4D00F93E1A /* ProtocolOrientedUIKitTests.swift */ = {isa = PBXFileReference; lastKnownFileType = sourcecode.swift; path = ProtocolOrientedUIKitTests.swift; sourceTree = "<group>"; };
		49E67E4528E35A4D00F93E1A /* ProtocolOrientedUIKitUITests.xctest */ = {isa = PBXFileReference; explicitFileType = wrapper.cfbundle; includeInIndex = 0; path = ProtocolOrientedUIKitUITests.xctest; sourceTree = BUILT_PRODUCTS_DIR; };
		49E67E4928E35A4D00F93E1A /* ProtocolOrientedUIKitUITests.swift */ = {isa = PBXFileReference; lastKnownFileType = sourcecode.swift; path = ProtocolOrientedUIKitUITests.swift; sourceTree = "<group>"; };
		49E67E4B28E35A4D00F93E1A /* ProtocolOrientedUIKitUITestsLaunchTests.swift */ = {isa = PBXFileReference; lastKnownFileType = sourcecode.swift; path = ProtocolOrientedUIKitUITestsLaunchTests.swift; sourceTree = "<group>"; };
		49FA4A0928E4A78F00F47336 /* UserViewModelOutput.swift */ = {isa = PBXFileReference; lastKnownFileType = sourcecode.swift; path = UserViewModelOutput.swift; sourceTree = "<group>"; };
/* End PBXFileReference section */

/* Begin PBXFrameworksBuildPhase section */
		49E67E2228E35A4C00F93E1A /* Frameworks */ = {
			isa = PBXFrameworksBuildPhase;
			buildActionMask = 2147483647;
			files = (
			);
			runOnlyForDeploymentPostprocessing = 0;
		};
		49E67E3828E35A4D00F93E1A /* Frameworks */ = {
			isa = PBXFrameworksBuildPhase;
			buildActionMask = 2147483647;
			files = (
			);
			runOnlyForDeploymentPostprocessing = 0;
		};
		49E67E4228E35A4D00F93E1A /* Frameworks */ = {
			isa = PBXFrameworksBuildPhase;
			buildActionMask = 2147483647;
			files = (
			);
			runOnlyForDeploymentPostprocessing = 0;
		};
/* End PBXFrameworksBuildPhase section */

/* Begin PBXGroup section */
		490F85A528E47D0000F87994 /* ViewModel */ = {
			isa = PBXGroup;
			children = (
				490F85A628E47D1C00F87994 /* UserViewModel.swift */,
				49FA4A0928E4A78F00F47336 /* UserViewModelOutput.swift */,
			);
			path = ViewModel;
			sourceTree = "<group>";
		};
		495C48B028E442B500AC392A /* Model */ = {
			isa = PBXGroup;
			children = (
				495C48B428E44DAF00AC392A /* User.swift */,
			);
			path = Model;
			sourceTree = "<group>";
		};
		495C48B228E44B4B00AC392A /* Service */ = {
			isa = PBXGroup;
			children = (
				490F85A328E4655F00F87994 /* API Manager.swift */,
				490F85A828E47EB000F87994 /* UserService.swift */,
			);
			path = Service;
			sourceTree = "<group>";
		};
		495C48B328E44B5900AC392A /* View */ = {
			isa = PBXGroup;
			children = (
				49E67E2C28E35A4C00F93E1A /* UserViewController.swift */,
			);
			path = View;
			sourceTree = "<group>";
		};
		49E67E1C28E35A4C00F93E1A = {
			isa = PBXGroup;
			children = (
				49E67E2728E35A4C00F93E1A /* ProtocolOrientedUIKit */,
				49E67E3E28E35A4D00F93E1A /* ProtocolOrientedUIKitTests */,
				49E67E4828E35A4D00F93E1A /* ProtocolOrientedUIKitUITests */,
				49E67E2628E35A4C00F93E1A /* Products */,
			);
			sourceTree = "<group>";
		};
		49E67E2628E35A4C00F93E1A /* Products */ = {
			isa = PBXGroup;
			children = (
				49E67E2528E35A4C00F93E1A /* ProtocolOrientedUIKit.app */,
				49E67E3B28E35A4D00F93E1A /* ProtocolOrientedUIKitTests.xctest */,
				49E67E4528E35A4D00F93E1A /* ProtocolOrientedUIKitUITests.xctest */,
			);
			name = Products;
			sourceTree = "<group>";
		};
		49E67E2728E35A4C00F93E1A /* ProtocolOrientedUIKit */ = {
			isa = PBXGroup;
			children = (
				490F85A528E47D0000F87994 /* ViewModel */,
				495C48B028E442B500AC392A /* Model */,
				495C48B228E44B4B00AC392A /* Service */,
				495C48B328E44B5900AC392A /* View */,
				49E67E2828E35A4C00F93E1A /* AppDelegate.swift */,
				49E67E2A28E35A4C00F93E1A /* SceneDelegate.swift */,
				49E67E3128E35A4D00F93E1A /* Assets.xcassets */,
				49E67E3328E35A4D00F93E1A /* LaunchScreen.storyboard */,
				49E67E3628E35A4D00F93E1A /* Info.plist */,
			);
			path = ProtocolOrientedUIKit;
			sourceTree = "<group>";
		};
		49E67E3E28E35A4D00F93E1A /* ProtocolOrientedUIKitTests */ = {
			isa = PBXGroup;
			children = (
				49E67E3F28E35A4D00F93E1A /* ProtocolOrientedUIKitTests.swift */,
			);
			path = ProtocolOrientedUIKitTests;
			sourceTree = "<group>";
		};
		49E67E4828E35A4D00F93E1A /* ProtocolOrientedUIKitUITests */ = {
			isa = PBXGroup;
			children = (
				49E67E4928E35A4D00F93E1A /* ProtocolOrientedUIKitUITests.swift */,
				49E67E4B28E35A4D00F93E1A /* ProtocolOrientedUIKitUITestsLaunchTests.swift */,
			);
			path = ProtocolOrientedUIKitUITests;
			sourceTree = "<group>";
		};
/* End PBXGroup section */

/* Begin PBXNativeTarget section */
		49E67E2428E35A4C00F93E1A /* ProtocolOrientedUIKit */ = {
			isa = PBXNativeTarget;
			buildConfigurationList = 49E67E4F28E35A4D00F93E1A /* Build configuration list for PBXNativeTarget "ProtocolOrientedUIKit" */;
			buildPhases = (
				49E67E2128E35A4C00F93E1A /* Sources */,
				49E67E2228E35A4C00F93E1A /* Frameworks */,
				49E67E2328E35A4C00F93E1A /* Resources */,
			);
			buildRules = (
			);
			dependencies = (
			);
			name = ProtocolOrientedUIKit;
			productName = ProtocolOrientedUIKit;
			productReference = 49E67E2528E35A4C00F93E1A /* ProtocolOrientedUIKit.app */;
			productType = "com.apple.product-type.application";
		};
		49E67E3A28E35A4D00F93E1A /* ProtocolOrientedUIKitTests */ = {
			isa = PBXNativeTarget;
			buildConfigurationList = 49E67E5228E35A4D00F93E1A /* Build configuration list for PBXNativeTarget "ProtocolOrientedUIKitTests" */;
			buildPhases = (
				49E67E3728E35A4D00F93E1A /* Sources */,
				49E67E3828E35A4D00F93E1A /* Frameworks */,
				49E67E3928E35A4D00F93E1A /* Resources */,
			);
			buildRules = (
			);
			dependencies = (
				49E67E3D28E35A4D00F93E1A /* PBXTargetDependency */,
			);
			name = ProtocolOrientedUIKitTests;
			productName = ProtocolOrientedUIKitTests;
			productReference = 49E67E3B28E35A4D00F93E1A /* ProtocolOrientedUIKitTests.xctest */;
			productType = "com.apple.product-type.bundle.unit-test";
		};
		49E67E4428E35A4D00F93E1A /* ProtocolOrientedUIKitUITests */ = {
			isa = PBXNativeTarget;
			buildConfigurationList = 49E67E5528E35A4D00F93E1A /* Build configuration list for PBXNativeTarget "ProtocolOrientedUIKitUITests" */;
			buildPhases = (
				49E67E4128E35A4D00F93E1A /* Sources */,
				49E67E4228E35A4D00F93E1A /* Frameworks */,
				49E67E4328E35A4D00F93E1A /* Resources */,
			);
			buildRules = (
			);
			dependencies = (
				49E67E4728E35A4D00F93E1A /* PBXTargetDependency */,
			);
			name = ProtocolOrientedUIKitUITests;
			productName = ProtocolOrientedUIKitUITests;
			productReference = 49E67E4528E35A4D00F93E1A /* ProtocolOrientedUIKitUITests.xctest */;
			productType = "com.apple.product-type.bundle.ui-testing";
		};
/* End PBXNativeTarget section */

/* Begin PBXProject section */
		49E67E1D28E35A4C00F93E1A /* Project object */ = {
			isa = PBXProject;
			attributes = {
				BuildIndependentTargetsInParallel = 1;
				LastSwiftUpdateCheck = 1400;
				LastUpgradeCheck = 1400;
				TargetAttributes = {
					49E67E2428E35A4C00F93E1A = {
						CreatedOnToolsVersion = 14.0;
					};
					49E67E3A28E35A4D00F93E1A = {
						CreatedOnToolsVersion = 14.0;
						TestTargetID = 49E67E2428E35A4C00F93E1A;
					};
					49E67E4428E35A4D00F93E1A = {
						CreatedOnToolsVersion = 14.0;
						TestTargetID = 49E67E2428E35A4C00F93E1A;
					};
				};
			};
			buildConfigurationList = 49E67E2028E35A4C00F93E1A /* Build configuration list for PBXProject "ProtocolOrientedUIKit" */;
			compatibilityVersion = "Xcode 14.0";
			developmentRegion = en;
			hasScannedForEncodings = 0;
			knownRegions = (
				en,
				Base,
			);
			mainGroup = 49E67E1C28E35A4C00F93E1A;
			productRefGroup = 49E67E2628E35A4C00F93E1A /* Products */;
			projectDirPath = "";
			projectRoot = "";
			targets = (
				49E67E2428E35A4C00F93E1A /* ProtocolOrientedUIKit */,
				49E67E3A28E35A4D00F93E1A /* ProtocolOrientedUIKitTests */,
				49E67E4428E35A4D00F93E1A /* ProtocolOrientedUIKitUITests */,
			);
		};
/* End PBXProject section */

/* Begin PBXResourcesBuildPhase section */
		49E67E2328E35A4C00F93E1A /* Resources */ = {
			isa = PBXResourcesBuildPhase;
			buildActionMask = 2147483647;
			files = (
				49E67E3528E35A4D00F93E1A /* LaunchScreen.storyboard in Resources */,
				49E67E3228E35A4D00F93E1A /* Assets.xcassets in Resources */,
			);
			runOnlyForDeploymentPostprocessing = 0;
		};
		49E67E3928E35A4D00F93E1A /* Resources */ = {
			isa = PBXResourcesBuildPhase;
			buildActionMask = 2147483647;
			files = (
			);
			runOnlyForDeploymentPostprocessing = 0;
		};
		49E67E4328E35A4D00F93E1A /* Resources */ = {
			isa = PBXResourcesBuildPhase;
			buildActionMask = 2147483647;
			files = (
			);
			runOnlyForDeploymentPostprocessing = 0;
		};
/* End PBXResourcesBuildPhase section */

/* Begin PBXSourcesBuildPhase section */
		49E67E2128E35A4C00F93E1A /* Sources */ = {
			isa = PBXSourcesBuildPhase;
			buildActionMask = 2147483647;
			files = (
				49FA4A0A28E4A78F00F47336 /* UserViewModelOutput.swift in Sources */,
				490F85A928E47EB000F87994 /* UserService.swift in Sources */,
				495C48B528E44DAF00AC392A /* User.swift in Sources */,
				490F85A728E47D1C00F87994 /* UserViewModel.swift in Sources */,
				49E67E2D28E35A4C00F93E1A /* UserViewController.swift in Sources */,
				49E67E2928E35A4C00F93E1A /* AppDelegate.swift in Sources */,
				49E67E2B28E35A4C00F93E1A /* SceneDelegate.swift in Sources */,
				490F85A428E4655F00F87994 /* API Manager.swift in Sources */,
			);
			runOnlyForDeploymentPostprocessing = 0;
		};
		49E67E3728E35A4D00F93E1A /* Sources */ = {
			isa = PBXSourcesBuildPhase;
			buildActionMask = 2147483647;
			files = (
				49E67E4028E35A4D00F93E1A /* ProtocolOrientedUIKitTests.swift in Sources */,
			);
			runOnlyForDeploymentPostprocessing = 0;
		};
		49E67E4128E35A4D00F93E1A /* Sources */ = {
			isa = PBXSourcesBuildPhase;
			buildActionMask = 2147483647;
			files = (
				49E67E4A28E35A4D00F93E1A /* ProtocolOrientedUIKitUITests.swift in Sources */,
				49E67E4C28E35A4D00F93E1A /* ProtocolOrientedUIKitUITestsLaunchTests.swift in Sources */,
			);
			runOnlyForDeploymentPostprocessing = 0;
		};
/* End PBXSourcesBuildPhase section */

/* Begin PBXTargetDependency section */
		49E67E3D28E35A4D00F93E1A /* PBXTargetDependency */ = {
			isa = PBXTargetDependency;
			target = 49E67E2428E35A4C00F93E1A /* ProtocolOrientedUIKit */;
			targetProxy = 49E67E3C28E35A4D00F93E1A /* PBXContainerItemProxy */;
		};
		49E67E4728E35A4D00F93E1A /* PBXTargetDependency */ = {
			isa = PBXTargetDependency;
			target = 49E67E2428E35A4C00F93E1A /* ProtocolOrientedUIKit */;
			targetProxy = 49E67E4628E35A4D00F93E1A /* PBXContainerItemProxy */;
		};
/* End PBXTargetDependency section */

/* Begin PBXVariantGroup section */
		49E67E3328E35A4D00F93E1A /* LaunchScreen.storyboard */ = {
			isa = PBXVariantGroup;
			children = (
				49E67E3428E35A4D00F93E1A /* Base */,
			);
			name = LaunchScreen.storyboard;
			sourceTree = "<group>";
		};
/* End PBXVariantGroup section */

/* Begin XCBuildConfiguration section */
		49E67E4D28E35A4D00F93E1A /* Debug */ = {
			isa = XCBuildConfiguration;
			buildSettings = {
				ALWAYS_SEARCH_USER_PATHS = NO;
				CLANG_ANALYZER_NONNULL = YES;
				CLANG_ANALYZER_NUMBER_OBJECT_CONVERSION = YES_AGGRESSIVE;
				CLANG_CXX_LANGUAGE_STANDARD = "gnu++20";
				CLANG_ENABLE_MODULES = YES;
				CLANG_ENABLE_OBJC_ARC = YES;
				CLANG_ENABLE_OBJC_WEAK = YES;
				CLANG_WARN_BLOCK_CAPTURE_AUTORELEASING = YES;
				CLANG_WARN_BOOL_CONVERSION = YES;
				CLANG_WARN_COMMA = YES;
				CLANG_WARN_CONSTANT_CONVERSION = YES;
				CLANG_WARN_DEPRECATED_OBJC_IMPLEMENTATIONS = YES;
				CLANG_WARN_DIRECT_OBJC_ISA_USAGE = YES_ERROR;
				CLANG_WARN_DOCUMENTATION_COMMENTS = YES;
				CLANG_WARN_EMPTY_BODY = YES;
				CLANG_WARN_ENUM_CONVERSION = YES;
				CLANG_WARN_INFINITE_RECURSION = YES;
				CLANG_WARN_INT_CONVERSION = YES;
				CLANG_WARN_NON_LITERAL_NULL_CONVERSION = YES;
				CLANG_WARN_OBJC_IMPLICIT_RETAIN_SELF = YES;
				CLANG_WARN_OBJC_LITERAL_CONVERSION = YES;
				CLANG_WARN_OBJC_ROOT_CLASS = YES_ERROR;
				CLANG_WARN_QUOTED_INCLUDE_IN_FRAMEWORK_HEADER = YES;
				CLANG_WARN_RANGE_LOOP_ANALYSIS = YES;
				CLANG_WARN_STRICT_PROTOTYPES = YES;
				CLANG_WARN_SUSPICIOUS_MOVE = YES;
				CLANG_WARN_UNGUARDED_AVAILABILITY = YES_AGGRESSIVE;
				CLANG_WARN_UNREACHABLE_CODE = YES;
				CLANG_WARN__DUPLICATE_METHOD_MATCH = YES;
				COPY_PHASE_STRIP = NO;
				DEBUG_INFORMATION_FORMAT = dwarf;
				ENABLE_STRICT_OBJC_MSGSEND = YES;
				ENABLE_TESTABILITY = YES;
				GCC_C_LANGUAGE_STANDARD = gnu11;
				GCC_DYNAMIC_NO_PIC = NO;
				GCC_NO_COMMON_BLOCKS = YES;
				GCC_OPTIMIZATION_LEVEL = 0;
				GCC_PREPROCESSOR_DEFINITIONS = (
					"DEBUG=1",
					"$(inherited)",
				);
				GCC_WARN_64_TO_32_BIT_CONVERSION = YES;
				GCC_WARN_ABOUT_RETURN_TYPE = YES_ERROR;
				GCC_WARN_UNDECLARED_SELECTOR = YES;
				GCC_WARN_UNINITIALIZED_AUTOS = YES_AGGRESSIVE;
				GCC_WARN_UNUSED_FUNCTION = YES;
				GCC_WARN_UNUSED_VARIABLE = YES;
				IPHONEOS_DEPLOYMENT_TARGET = 16.0;
				MTL_ENABLE_DEBUG_INFO = INCLUDE_SOURCE;
				MTL_FAST_MATH = YES;
				ONLY_ACTIVE_ARCH = YES;
				SDKROOT = iphoneos;
				SWIFT_ACTIVE_COMPILATION_CONDITIONS = DEBUG;
				SWIFT_OPTIMIZATION_LEVEL = "-Onone";
			};
			name = Debug;
		};
		49E67E4E28E35A4D00F93E1A /* Release */ = {
			isa = XCBuildConfiguration;
			buildSettings = {
				ALWAYS_SEARCH_USER_PATHS = NO;
				CLANG_ANALYZER_NONNULL = YES;
				CLANG_ANALYZER_NUMBER_OBJECT_CONVERSION = YES_AGGRESSIVE;
				CLANG_CXX_LANGUAGE_STANDARD = "gnu++20";
				CLANG_ENABLE_MODULES = YES;
				CLANG_ENABLE_OBJC_ARC = YES;
				CLANG_ENABLE_OBJC_WEAK = YES;
				CLANG_WARN_BLOCK_CAPTURE_AUTORELEASING = YES;
				CLANG_WARN_BOOL_CONVERSION = YES;
				CLANG_WARN_COMMA = YES;
				CLANG_WARN_CONSTANT_CONVERSION = YES;
				CLANG_WARN_DEPRECATED_OBJC_IMPLEMENTATIONS = YES;
				CLANG_WARN_DIRECT_OBJC_ISA_USAGE = YES_ERROR;
				CLANG_WARN_DOCUMENTATION_COMMENTS = YES;
				CLANG_WARN_EMPTY_BODY = YES;
				CLANG_WARN_ENUM_CONVERSION = YES;
				CLANG_WARN_INFINITE_RECURSION = YES;
				CLANG_WARN_INT_CONVERSION = YES;
				CLANG_WARN_NON_LITERAL_NULL_CONVERSION = YES;
				CLANG_WARN_OBJC_IMPLICIT_RETAIN_SELF = YES;
				CLANG_WARN_OBJC_LITERAL_CONVERSION = YES;
				CLANG_WARN_OBJC_ROOT_CLASS = YES_ERROR;
				CLANG_WARN_QUOTED_INCLUDE_IN_FRAMEWORK_HEADER = YES;
				CLANG_WARN_RANGE_LOOP_ANALYSIS = YES;
				CLANG_WARN_STRICT_PROTOTYPES = YES;
				CLANG_WARN_SUSPICIOUS_MOVE = YES;
				CLANG_WARN_UNGUARDED_AVAILABILITY = YES_AGGRESSIVE;
				CLANG_WARN_UNREACHABLE_CODE = YES;
				CLANG_WARN__DUPLICATE_METHOD_MATCH = YES;
				COPY_PHASE_STRIP = NO;
				DEBUG_INFORMATION_FORMAT = "dwarf-with-dsym";
				ENABLE_NS_ASSERTIONS = NO;
				ENABLE_STRICT_OBJC_MSGSEND = YES;
				GCC_C_LANGUAGE_STANDARD = gnu11;
				GCC_NO_COMMON_BLOCKS = YES;
				GCC_WARN_64_TO_32_BIT_CONVERSION = YES;
				GCC_WARN_ABOUT_RETURN_TYPE = YES_ERROR;
				GCC_WARN_UNDECLARED_SELECTOR = YES;
				GCC_WARN_UNINITIALIZED_AUTOS = YES_AGGRESSIVE;
				GCC_WARN_UNUSED_FUNCTION = YES;
				GCC_WARN_UNUSED_VARIABLE = YES;
				IPHONEOS_DEPLOYMENT_TARGET = 16.0;
				MTL_ENABLE_DEBUG_INFO = NO;
				MTL_FAST_MATH = YES;
				SDKROOT = iphoneos;
				SWIFT_COMPILATION_MODE = wholemodule;
				SWIFT_OPTIMIZATION_LEVEL = "-O";
				VALIDATE_PRODUCT = YES;
			};
			name = Release;
		};
		49E67E5028E35A4D00F93E1A /* Debug */ = {
			isa = XCBuildConfiguration;
			buildSettings = {
				ASSETCATALOG_COMPILER_APPICON_NAME = AppIcon;
				ASSETCATALOG_COMPILER_GLOBAL_ACCENT_COLOR_NAME = AccentColor;
				CODE_SIGN_STYLE = Automatic;
				CURRENT_PROJECT_VERSION = 1;
				DEVELOPMENT_TEAM = 2G8QN9SRVA;
				GENERATE_INFOPLIST_FILE = YES;
				INFOPLIST_FILE = ProtocolOrientedUIKit/Info.plist;
				INFOPLIST_KEY_UIApplicationSupportsIndirectInputEvents = YES;
				INFOPLIST_KEY_UILaunchStoryboardName = LaunchScreen;
				INFOPLIST_KEY_UISupportedInterfaceOrientations_iPad = "UIInterfaceOrientationPortrait UIInterfaceOrientationPortraitUpsideDown UIInterfaceOrientationLandscapeLeft UIInterfaceOrientationLandscapeRight";
				INFOPLIST_KEY_UISupportedInterfaceOrientations_iPhone = "UIInterfaceOrientationPortrait UIInterfaceOrientationLandscapeLeft UIInterfaceOrientationLandscapeRight";
				LD_RUNPATH_SEARCH_PATHS = (
					"$(inherited)",
					"@executable_path/Frameworks",
				);
				MARKETING_VERSION = 1.0;
				PRODUCT_BUNDLE_IDENTIFIER = com.berkaykuzu.ProtocolOrientedUIKit;
				PRODUCT_NAME = "$(TARGET_NAME)";
				SWIFT_EMIT_LOC_STRINGS = YES;
				SWIFT_VERSION = 5.0;
				TARGETED_DEVICE_FAMILY = "1,2";
			};
			name = Debug;
		};
		49E67E5128E35A4D00F93E1A /* Release */ = {
			isa = XCBuildConfiguration;
			buildSettings = {
				ASSETCATALOG_COMPILER_APPICON_NAME = AppIcon;
				ASSETCATALOG_COMPILER_GLOBAL_ACCENT_COLOR_NAME = AccentColor;
				CODE_SIGN_STYLE = Automatic;
				CURRENT_PROJECT_VERSION = 1;
				DEVELOPMENT_TEAM = 2G8QN9SRVA;
				GENERATE_INFOPLIST_FILE = YES;
				INFOPLIST_FILE = ProtocolOrientedUIKit/Info.plist;
				INFOPLIST_KEY_UIApplicationSupportsIndirectInputEvents = YES;
				INFOPLIST_KEY_UILaunchStoryboardName = LaunchScreen;
				INFOPLIST_KEY_UISupportedInterfaceOrientations_iPad = "UIInterfaceOrientationPortrait UIInterfaceOrientationPortraitUpsideDown UIInterfaceOrientationLandscapeLeft UIInterfaceOrientationLandscapeRight";
				INFOPLIST_KEY_UISupportedInterfaceOrientations_iPhone = "UIInterfaceOrientationPortrait UIInterfaceOrientationLandscapeLeft UIInterfaceOrientationLandscapeRight";
				LD_RUNPATH_SEARCH_PATHS = (
					"$(inherited)",
					"@executable_path/Frameworks",
				);
				MARKETING_VERSION = 1.0;
				PRODUCT_BUNDLE_IDENTIFIER = com.berkaykuzu.ProtocolOrientedUIKit;
				PRODUCT_NAME = "$(TARGET_NAME)";
				SWIFT_EMIT_LOC_STRINGS = YES;
				SWIFT_VERSION = 5.0;
				TARGETED_DEVICE_FAMILY = "1,2";
			};
			name = Release;
		};
		49E67E5328E35A4D00F93E1A /* Debug */ = {
			isa = XCBuildConfiguration;
			buildSettings = {
				ALWAYS_EMBED_SWIFT_STANDARD_LIBRARIES = YES;
				BUNDLE_LOADER = "$(TEST_HOST)";
				CODE_SIGN_STYLE = Automatic;
				CURRENT_PROJECT_VERSION = 1;
				DEVELOPMENT_TEAM = 2G8QN9SRVA;
				GENERATE_INFOPLIST_FILE = YES;
				IPHONEOS_DEPLOYMENT_TARGET = 16.0;
				MARKETING_VERSION = 1.0;
				PRODUCT_BUNDLE_IDENTIFIER = com.berkaykuzu.ProtocolOrientedUIKitTests;
				PRODUCT_NAME = "$(TARGET_NAME)";
				SWIFT_EMIT_LOC_STRINGS = NO;
				SWIFT_VERSION = 5.0;
				TARGETED_DEVICE_FAMILY = "1,2";
				TEST_HOST = "$(BUILT_PRODUCTS_DIR)/ProtocolOrientedUIKit.app/$(BUNDLE_EXECUTABLE_FOLDER_PATH)/ProtocolOrientedUIKit";
			};
			name = Debug;
		};
		49E67E5428E35A4D00F93E1A /* Release */ = {
			isa = XCBuildConfiguration;
			buildSettings = {
				ALWAYS_EMBED_SWIFT_STANDARD_LIBRARIES = YES;
				BUNDLE_LOADER = "$(TEST_HOST)";
				CODE_SIGN_STYLE = Automatic;
				CURRENT_PROJECT_VERSION = 1;
				DEVELOPMENT_TEAM = 2G8QN9SRVA;
				GENERATE_INFOPLIST_FILE = YES;
				IPHONEOS_DEPLOYMENT_TARGET = 16.0;
				MARKETING_VERSION = 1.0;
				PRODUCT_BUNDLE_IDENTIFIER = com.berkaykuzu.ProtocolOrientedUIKitTests;
				PRODUCT_NAME = "$(TARGET_NAME)";
				SWIFT_EMIT_LOC_STRINGS = NO;
				SWIFT_VERSION = 5.0;
				TARGETED_DEVICE_FAMILY = "1,2";
				TEST_HOST = "$(BUILT_PRODUCTS_DIR)/ProtocolOrientedUIKit.app/$(BUNDLE_EXECUTABLE_FOLDER_PATH)/ProtocolOrientedUIKit";
			};
			name = Release;
		};
		49E67E5628E35A4D00F93E1A /* Debug */ = {
			isa = XCBuildConfiguration;
			buildSettings = {
				ALWAYS_EMBED_SWIFT_STANDARD_LIBRARIES = YES;
				CODE_SIGN_STYLE = Automatic;
				CURRENT_PROJECT_VERSION = 1;
				DEVELOPMENT_TEAM = 2G8QN9SRVA;
				GENERATE_INFOPLIST_FILE = YES;
				MARKETING_VERSION = 1.0;
				PRODUCT_BUNDLE_IDENTIFIER = com.berkaykuzu.ProtocolOrientedUIKitUITests;
				PRODUCT_NAME = "$(TARGET_NAME)";
				SWIFT_EMIT_LOC_STRINGS = NO;
				SWIFT_VERSION = 5.0;
				TARGETED_DEVICE_FAMILY = "1,2";
				TEST_TARGET_NAME = ProtocolOrientedUIKit;
			};
			name = Debug;
		};
		49E67E5728E35A4D00F93E1A /* Release */ = {
			isa = XCBuildConfiguration;
			buildSettings = {
				ALWAYS_EMBED_SWIFT_STANDARD_LIBRARIES = YES;
				CODE_SIGN_STYLE = Automatic;
				CURRENT_PROJECT_VERSION = 1;
				DEVELOPMENT_TEAM = 2G8QN9SRVA;
				GENERATE_INFOPLIST_FILE = YES;
				MARKETING_VERSION = 1.0;
				PRODUCT_BUNDLE_IDENTIFIER = com.berkaykuzu.ProtocolOrientedUIKitUITests;
				PRODUCT_NAME = "$(TARGET_NAME)";
				SWIFT_EMIT_LOC_STRINGS = NO;
				SWIFT_VERSION = 5.0;
				TARGETED_DEVICE_FAMILY = "1,2";
				TEST_TARGET_NAME = ProtocolOrientedUIKit;
			};
			name = Release;
		};
/* End XCBuildConfiguration section */

/* Begin XCConfigurationList section */
		49E67E2028E35A4C00F93E1A /* Build configuration list for PBXProject "ProtocolOrientedUIKit" */ = {
			isa = XCConfigurationList;
			buildConfigurations = (
				49E67E4D28E35A4D00F93E1A /* Debug */,
				49E67E4E28E35A4D00F93E1A /* Release */,
			);
			defaultConfigurationIsVisible = 0;
			defaultConfigurationName = Release;
		};
		49E67E4F28E35A4D00F93E1A /* Build configuration list for PBXNativeTarget "ProtocolOrientedUIKit" */ = {
			isa = XCConfigurationList;
			buildConfigurations = (
				49E67E5028E35A4D00F93E1A /* Debug */,
				49E67E5128E35A4D00F93E1A /* Release */,
			);
			defaultConfigurationIsVisible = 0;
			defaultConfigurationName = Release;
		};
		49E67E5228E35A4D00F93E1A /* Build configuration list for PBXNativeTarget "ProtocolOrientedUIKitTests" */ = {
			isa = XCConfigurationList;
			buildConfigurations = (
				49E67E5328E35A4D00F93E1A /* Debug */,
				49E67E5428E35A4D00F93E1A /* Release */,
			);
			defaultConfigurationIsVisible = 0;
			defaultConfigurationName = Release;
		};
		49E67E5528E35A4D00F93E1A /* Build configuration list for PBXNativeTarget "ProtocolOrientedUIKitUITests" */ = {
			isa = XCConfigurationList;
			buildConfigurations = (
				49E67E5628E35A4D00F93E1A /* Debug */,
				49E67E5728E35A4D00F93E1A /* Release */,
			);
			defaultConfigurationIsVisible = 0;
			defaultConfigurationName = Release;
		};
/* End XCConfigurationList section */
	};
	rootObject = 49E67E1D28E35A4C00F93E1A /* Project object */;
}
